// !$*UTF8*$!
{
	archiveVersion = 1;
	classes = {
	};
	objectVersion = 50;
	objects = {

/* Begin PBXBuildFile section */
		83737C6C24A0FCB50046CBCF /* AppDelegate.swift in Sources */ = {isa = PBXBuildFile; fileRef = 83737C6B24A0FCB50046CBCF /* AppDelegate.swift */; };
		83737C6E24A0FCB50046CBCF /* SceneDelegate.swift in Sources */ = {isa = PBXBuildFile; fileRef = 83737C6D24A0FCB50046CBCF /* SceneDelegate.swift */; };
		83737C7024A0FCB50046CBCF /* ContentView.swift in Sources */ = {isa = PBXBuildFile; fileRef = 83737C6F24A0FCB50046CBCF /* ContentView.swift */; };
		83737C7224A0FCB90046CBCF /* Assets.xcassets in Resources */ = {isa = PBXBuildFile; fileRef = 83737C7124A0FCB90046CBCF /* Assets.xcassets */; };
		83737C7524A0FCB90046CBCF /* Preview Assets.xcassets in Resources */ = {isa = PBXBuildFile; fileRef = 83737C7424A0FCB90046CBCF /* Preview Assets.xcassets */; };
		83737C7824A0FCB90046CBCF /* LaunchScreen.storyboard in Resources */ = {isa = PBXBuildFile; fileRef = 83737C7624A0FCB90046CBCF /* LaunchScreen.storyboard */; };
		83737C8224A10D6C0046CBCF /* MapView.swift in Sources */ = {isa = PBXBuildFile; fileRef = 83737C8124A10D6B0046CBCF /* MapView.swift */; };
/* End PBXBuildFile section */

/* Begin PBXFileReference section */
		83737C6824A0FCB50046CBCF /* NearMeApp.app */ = {isa = PBXFileReference; explicitFileType = wrapper.application; includeInIndex = 0; path = NearMeApp.app; sourceTree = BUILT_PRODUCTS_DIR; };
		83737C6B24A0FCB50046CBCF /* AppDelegate.swift */ = {isa = PBXFileReference; lastKnownFileType = sourcecode.swift; path = AppDelegate.swift; sourceTree = "<group>"; };
		83737C6D24A0FCB50046CBCF /* SceneDelegate.swift */ = {isa = PBXFileReference; lastKnownFileType = sourcecode.swift; path = SceneDelegate.swift; sourceTree = "<group>"; };
		83737C6F24A0FCB50046CBCF /* ContentView.swift */ = {isa = PBXFileReference; lastKnownFileType = sourcecode.swift; path = ContentView.swift; sourceTree = "<group>"; };
		83737C7124A0FCB90046CBCF /* Assets.xcassets */ = {isa = PBXFileReference; lastKnownFileType = folder.assetcatalog; path = Assets.xcassets; sourceTree = "<group>"; };
		83737C7424A0FCB90046CBCF /* Preview Assets.xcassets */ = {isa = PBXFileReference; lastKnownFileType = folder.assetcatalog; path = "Preview Assets.xcassets"; sourceTree = "<group>"; };
		83737C7724A0FCB90046CBCF /* Base */ = {isa = PBXFileReference; lastKnownFileType = file.storyboard; name = Base; path = Base.lproj/LaunchScreen.storyboard; sourceTree = "<group>"; };
		83737C7924A0FCB90046CBCF /* Info.plist */ = {isa = PBXFileReference; lastKnownFileType = text.plist.xml; path = Info.plist; sourceTree = "<group>"; };
		83737C8124A10D6B0046CBCF /* MapView.swift */ = {isa = PBXFileReference; lastKnownFileType = sourcecode.swift; path = MapView.swift; sourceTree = "<group>"; };
/* End PBXFileReference section */

/* Begin PBXFrameworksBuildPhase section */
		83737C6524A0FCB50046CBCF /* Frameworks */ = {
			isa = PBXFrameworksBuildPhase;
			buildActionMask = 2147483647;
			files = (
			);
			runOnlyForDeploymentPostprocessing = 0;
		};
/* End PBXFrameworksBuildPhase section */

/* Begin PBXGroup section */
		83737C5F24A0FCB50046CBCF = {
			isa = PBXGroup;
			children = (
				83737C6A24A0FCB50046CBCF /* NearMeApp */,
				83737C6924A0FCB50046CBCF /* Products */,
			);
			sourceTree = "<group>";
		};
		83737C6924A0FCB50046CBCF /* Products */ = {
			isa = PBXGroup;
			children = (
				83737C6824A0FCB50046CBCF /* NearMeApp.app */,
			);
			name = Products;
			sourceTree = "<group>";
		};
		83737C6A24A0FCB50046CBCF /* NearMeApp */ = {
			isa = PBXGroup;
			children = (
				83737C7F24A0FE680046CBCF /* Views */,
				83737C6B24A0FCB50046CBCF /* AppDelegate.swift */,
				83737C6D24A0FCB50046CBCF /* SceneDelegate.swift */,
				83737C6F24A0FCB50046CBCF /* ContentView.swift */,
				83737C7124A0FCB90046CBCF /* Assets.xcassets */,
				83737C7624A0FCB90046CBCF /* LaunchScreen.storyboard */,
				83737C7924A0FCB90046CBCF /* Info.plist */,
				83737C7324A0FCB90046CBCF /* Preview Content */,
			);
			path = NearMeApp;
			sourceTree = "<group>";
		};
		83737C7324A0FCB90046CBCF /* Preview Content */ = {
			isa = PBXGroup;
			children = (
				83737C7424A0FCB90046CBCF /* Preview Assets.xcassets */,
			);
			path = "Preview Content";
			sourceTree = "<group>";
		};
		83737C7F24A0FE680046CBCF /* Views */ = {
			isa = PBXGroup;
			children = (
				83737C8124A10D6B0046CBCF /* MapView.swift */,
			);
			path = Views;
			sourceTree = "<group>";
		};
/* End PBXGroup section */

/* Begin PBXNativeTarget section */
		83737C6724A0FCB50046CBCF /* NearMeApp */ = {
			isa = PBXNativeTarget;
			buildConfigurationList = 83737C7C24A0FCB90046CBCF /* Build configuration list for PBXNativeTarget "NearMeApp" */;
			buildPhases = (
				83737C6424A0FCB50046CBCF /* Sources */,
				83737C6524A0FCB50046CBCF /* Frameworks */,
				83737C6624A0FCB50046CBCF /* Resources */,
			);
			buildRules = (
			);
			dependencies = (
			);
			name = NearMeApp;
			productName = NearMeApp;
			productReference = 83737C6824A0FCB50046CBCF /* NearMeApp.app */;
			productType = "com.apple.product-type.application";
		};
/* End PBXNativeTarget section */

/* Begin PBXProject section */
		83737C6024A0FCB50046CBCF /* Project object */ = {
			isa = PBXProject;
			attributes = {
				LastSwiftUpdateCheck = 1150;
				LastUpgradeCheck = 1150;
				ORGANIZATIONNAME = Wanhar;
				TargetAttributes = {
					83737C6724A0FCB50046CBCF = {
						CreatedOnToolsVersion = 11.5;
					};
				};
			};
			buildConfigurationList = 83737C6324A0FCB50046CBCF /* Build configuration list for PBXProject "NearMeApp" */;
			compatibilityVersion = "Xcode 9.3";
			developmentRegion = en;
			hasScannedForEncodings = 0;
			knownRegions = (
				en,
				Base,
			);
			mainGroup = 83737C5F24A0FCB50046CBCF;
			productRefGroup = 83737C6924A0FCB50046CBCF /* Products */;
			projectDirPath = "";
			projectRoot = "";
			targets = (
				83737C6724A0FCB50046CBCF /* NearMeApp */,
			);
		};
/* End PBXProject section */

/* Begin PBXResourcesBuildPhase section */
		83737C6624A0FCB50046CBCF /* Resources */ = {
			isa = PBXResourcesBuildPhase;
			buildActionMask = 2147483647;
			files = (
				83737C7824A0FCB90046CBCF /* LaunchScreen.storyboard in Resources */,
				83737C7524A0FCB90046CBCF /* Preview Assets.xcassets in Resources */,
				83737C7224A0FCB90046CBCF /* Assets.xcassets in Resources */,
			);
			runOnlyForDeploymentPostprocessing = 0;
		};
/* End PBXResourcesBuildPhase section */

/* Begin PBXSourcesBuildPhase section */
		83737C6424A0FCB50046CBCF /* Sources */ = {
			isa = PBXSourcesBuildPhase;
			buildActionMask = 2147483647;
			files = (
				83737C6C24A0FCB50046CBCF /* AppDelegate.swift in Sources */,
				83737C8224A10D6C0046CBCF /* MapView.swift in Sources */,
				83737C6E24A0FCB50046CBCF /* SceneDelegate.swift in Sources */,
				83737C7024A0FCB50046CBCF /* ContentView.swift in Sources */,
			);
			runOnlyForDeploymentPostprocessing = 0;
		};
/* End PBXSourcesBuildPhase section */

/* Begin PBXVariantGroup section */
		83737C7624A0FCB90046CBCF /* LaunchScreen.storyboard */ = {
			isa = PBXVariantGroup;
			children = (
				83737C7724A0FCB90046CBCF /* Base */,
			);
			name = LaunchScreen.storyboard;
			sourceTree = "<group>";
		};
/* End PBXVariantGroup section */

/* Begin XCBuildConfiguration section */
		83737C7A24A0FCB90046CBCF /* Debug */ = {
			isa = XCBuildConfiguration;
			buildSettings = {
				ALWAYS_SEARCH_USER_PATHS = NO;
				CLANG_ANALYZER_NONNULL = YES;
				CLANG_ANALYZER_NUMBER_OBJECT_CONVERSION = YES_AGGRESSIVE;
				CLANG_CXX_LANGUAGE_STANDARD = "gnu++14";
				CLANG_CXX_LIBRARY = "libc++";
				CLANG_ENABLE_MODULES = YES;
				CLANG_ENABLE_OBJC_ARC = YES;
				CLANG_ENABLE_OBJC_WEAK = YES;
				CLANG_WARN_BLOCK_CAPTURE_AUTORELEASING = YES;
				CLANG_WARN_BOOL_CONVERSION = YES;
				CLANG_WARN_COMMA = YES;
				CLANG_WARN_CONSTANT_CONVERSION = YES;
				CLANG_WARN_DEPRECATED_OBJC_IMPLEMENTATIONS = YES;
				CLANG_WARN_DIRECT_OBJC_ISA_USAGE = YES_ERROR;
				CLANG_WARN_DOCUMENTATION_COMMENTS = YES;
				CLANG_WARN_EMPTY_BODY = YES;
				CLANG_WARN_ENUM_CONVERSION = YES;
				CLANG_WARN_INFINITE_RECURSION = YES;
				CLANG_WARN_INT_CONVERSION = YES;
				CLANG_WARN_NON_LITERAL_NULL_CONVERSION = YES;
				CLANG_WARN_OBJC_IMPLICIT_RETAIN_SELF = YES;
				CLANG_WARN_OBJC_LITERAL_CONVERSION = YES;
				CLANG_WARN_OBJC_ROOT_CLASS = YES_ERROR;
				CLANG_WARN_RANGE_LOOP_ANALYSIS = YES;
				CLANG_WARN_STRICT_PROTOTYPES = YES;
				CLANG_WARN_SUSPICIOUS_MOVE = YES;
				CLANG_WARN_UNGUARDED_AVAILABILITY = YES_AGGRESSIVE;
				CLANG_WARN_UNREACHABLE_CODE = YES;
				CLANG_WARN__DUPLICATE_METHOD_MATCH = YES;
				COPY_PHASE_STRIP = NO;
				DEBUG_INFORMATION_FORMAT = dwarf;
				ENABLE_STRICT_OBJC_MSGSEND = YES;
				ENABLE_TESTABILITY = YES;
				GCC_C_LANGUAGE_STANDARD = gnu11;
				GCC_DYNAMIC_NO_PIC = NO;
				GCC_NO_COMMON_BLOCKS = YES;
				GCC_OPTIMIZATION_LEVEL = 0;
				GCC_PREPROCESSOR_DEFINITIONS = (
					"DEBUG=1",
					"$(inherited)",
				);
				GCC_WARN_64_TO_32_BIT_CONVERSION = YES;
				GCC_WARN_ABOUT_RETURN_TYPE = YES_ERROR;
				GCC_WARN_UNDECLARED_SELECTOR = YES;
				GCC_WARN_UNINITIALIZED_AUTOS = YES_AGGRESSIVE;
				GCC_WARN_UNUSED_FUNCTION = YES;
				GCC_WARN_UNUSED_VARIABLE = YES;
				IPHONEOS_DEPLOYMENT_TARGET = 13.5;
				MTL_ENABLE_DEBUG_INFO = INCLUDE_SOURCE;
				MTL_FAST_MATH = YES;
				ONLY_ACTIVE_ARCH = YES;
				SDKROOT = iphoneos;
				SWIFT_ACTIVE_COMPILATION_CONDITIONS = DEBUG;
				SWIFT_OPTIMIZATION_LEVEL = "-Onone";
			};
			name = Debug;
		};
		83737C7B24A0FCB90046CBCF /* Release */ = {
			isa = XCBuildConfiguration;
			buildSettings = {
				ALWAYS_SEARCH_USER_PATHS = NO;
				CLANG_ANALYZER_NONNULL = YES;
				CLANG_ANALYZER_NUMBER_OBJECT_CONVERSION = YES_AGGRESSIVE;
				CLANG_CXX_LANGUAGE_STANDARD = "gnu++14";
				CLANG_CXX_LIBRARY = "libc++";
				CLANG_ENABLE_MODULES = YES;
				CLANG_ENABLE_OBJC_ARC = YES;
				CLANG_ENABLE_OBJC_WEAK = YES;
				CLANG_WARN_BLOCK_CAPTURE_AUTORELEASING = YES;
				CLANG_WARN_BOOL_CONVERSION = YES;
				CLANG_WARN_COMMA = YES;
				CLANG_WARN_CONSTANT_CONVERSION = YES;
				CLANG_WARN_DEPRECATED_OBJC_IMPLEMENTATIONS = YES;
				CLANG_WARN_DIRECT_OBJC_ISA_USAGE = YES_ERROR;
				CLANG_WARN_DOCUMENTATION_COMMENTS = YES;
				CLANG_WARN_EMPTY_BODY = YES;
				CLANG_WARN_ENUM_CONVERSION = YES;
				CLANG_WARN_INFINITE_RECURSION = YES;
				CLANG_WARN_INT_CONVERSION = YES;
				CLANG_WARN_NON_LITERAL_NULL_CONVERSION = YES;
				CLANG_WARN_OBJC_IMPLICIT_RETAIN_SELF = YES;
				CLANG_WARN_OBJC_LITERAL_CONVERSION = YES;
				CLANG_WARN_OBJC_ROOT_CLASS = YES_ERROR;
				CLANG_WARN_RANGE_LOOP_ANALYSIS = YES;
				CLANG_WARN_STRICT_PROTOTYPES = YES;
				CLANG_WARN_SUSPICIOUS_MOVE = YES;
				CLANG_WARN_UNGUARDED_AVAILABILITY = YES_AGGRESSIVE;
				CLANG_WARN_UNREACHABLE_CODE = YES;
				CLANG_WARN__DUPLICATE_METHOD_MATCH = YES;
				COPY_PHASE_STRIP = NO;
				DEBUG_INFORMATION_FORMAT = "dwarf-with-dsym";
				ENABLE_NS_ASSERTIONS = NO;
				ENABLE_STRICT_OBJC_MSGSEND = YES;
				GCC_C_LANGUAGE_STANDARD = gnu11;
				GCC_NO_COMMON_BLOCKS = YES;
				GCC_WARN_64_TO_32_BIT_CONVERSION = YES;
				GCC_WARN_ABOUT_RETURN_TYPE = YES_ERROR;
				GCC_WARN_UNDECLARED_SELECTOR = YES;
				GCC_WARN_UNINITIALIZED_AUTOS = YES_AGGRESSIVE;
				GCC_WARN_UNUSED_FUNCTION = YES;
				GCC_WARN_UNUSED_VARIABLE = YES;
				IPHONEOS_DEPLOYMENT_TARGET = 13.5;
				MTL_ENABLE_DEBUG_INFO = NO;
				MTL_FAST_MATH = YES;
				SDKROOT = iphoneos;
				SWIFT_COMPILATION_MODE = wholemodule;
				SWIFT_OPTIMIZATION_LEVEL = "-O";
				VALIDATE_PRODUCT = YES;
			};
			name = Release;
		};
		83737C7D24A0FCB90046CBCF /* Debug */ = {
			isa = XCBuildConfiguration;
			buildSettings = {
				ASSETCATALOG_COMPILER_APPICON_NAME = AppIcon;
				CODE_SIGN_STYLE = Automatic;
				DEVELOPMENT_ASSET_PATHS = "\"NearMeApp/Preview Content\"";
				DEVELOPMENT_TEAM = D9X49T6R38;
				ENABLE_PREVIEWS = YES;
				INFOPLIST_FILE = NearMeApp/Info.plist;
				LD_RUNPATH_SEARCH_PATHS = (
					"$(inherited)",
					"@executable_path/Frameworks",
				);
				PRODUCT_BUNDLE_IDENTIFIER = com.takalar.NearMeApp;
				PRODUCT_NAME = "$(TARGET_NAME)";
				SWIFT_VERSION = 5.0;
				TARGETED_DEVICE_FAMILY = "1,2";
			};
			name = Debug;
		};
		83737C7E24A0FCB90046CBCF /* Release */ = {
			isa = XCBuildConfiguration;
			buildSettings = {
				ASSETCATALOG_COMPILER_APPICON_NAME = AppIcon;
				CODE_SIGN_STYLE = Automatic;
				DEVELOPMENT_ASSET_PATHS = "\"NearMeApp/Preview Content\"";
				DEVELOPMENT_TEAM = D9X49T6R38;
				ENABLE_PREVIEWS = YES;
				INFOPLIST_FILE = NearMeApp/Info.plist;
				LD_RUNPATH_SEARCH_PATHS = (
					"$(inherited)",
					"@executable_path/Frameworks",
				);
				PRODUCT_BUNDLE_IDENTIFIER = com.takalar.NearMeApp;
				PRODUCT_NAME = "$(TARGET_NAME)";
				SWIFT_VERSION = 5.0;
				TARGETED_DEVICE_FAMILY = "1,2";
			};
			name = Release;
		};
/* End XCBuildConfiguration section */

/* Begin XCConfigurationList section */
		83737C6324A0FCB50046CBCF /* Build configuration list for PBXProject "NearMeApp" */ = {
			isa = XCConfigurationList;
			buildConfigurations = (
				83737C7A24A0FCB90046CBCF /* Debug */,
				83737C7B24A0FCB90046CBCF /* Release */,
			);
			defaultConfigurationIsVisible = 0;
			defaultConfigurationName = Release;
		};
		83737C7C24A0FCB90046CBCF /* Build configuration list for PBXNativeTarget "NearMeApp" */ = {
			isa = XCConfigurationList;
			buildConfigurations = (
				83737C7D24A0FCB90046CBCF /* Debug */,
				83737C7E24A0FCB90046CBCF /* Release */,
			);
			defaultConfigurationIsVisible = 0;
			defaultConfigurationName = Release;
		};
/* End XCConfigurationList section */
	};
	rootObject = 83737C6024A0FCB50046CBCF /* Project object */;
}
